
Microsoft Visual Studio Solution File, Format Version 12.00
# Visual Studio Version 17
VisualStudioVersion = 17.2.32630.192
MinimumVisualStudioVersion = 10.0.40219.1
Project("{9A19103F-16F7-4668-BE54-9A1E7A4F7556}") = "Domain", "Domain\Domain.csproj", "{78F431EC-AF05-48BA-B443-696A3581445C}"
EndProject
Project("{9A19103F-16F7-4668-BE54-9A1E7A4F7556}") = "Shared", "Shared\Shared.csproj", "{D05B330F-53B2-478B-A83C-C20AA0B82139}"
EndProject
Project("{9A19103F-16F7-4668-BE54-9A1E7A4F7556}") = "ChessTests", "ChessTests\ChessTests.csproj", "{129005EE-7978-47D5-BCE4-4F001A8AA918}"
EndProject
Project("{9A19103F-16F7-4668-BE54-9A1E7A4F7556}") = "Application", "Application\Application.csproj", "{57431E02-B070-450E-B93D-E911337F6EF6}"
EndProject
Project("{FAE04EC0-301F-11D3-BF4B-00C04F79EFBC}") = "Infrastructure", "Infrastructure\Infrastructure.csproj", "{7187F069-50E7-4C8A-B490-5F489B08C974}"
EndProject
Global
	GlobalSection(SolutionConfigurationPlatforms) = preSolution
		Debug|Any CPU = Debug|Any CPU
		Release|Any CPU = Release|Any CPU
	EndGlobalSection
	GlobalSection(ProjectConfigurationPlatforms) = postSolution
		{78F431EC-AF05-48BA-B443-696A3581445C}.Debug|Any CPU.ActiveCfg = Debug|Any CPU
		{78F431EC-AF05-48BA-B443-696A3581445C}.Debug|Any CPU.Build.0 = Debug|Any CPU
		{78F431EC-AF05-48BA-B443-696A3581445C}.Release|Any CPU.ActiveCfg = Release|Any CPU
		{78F431EC-AF05-48BA-B443-696A3581445C}.Release|Any CPU.Build.0 = Release|Any CPU
		{D05B330F-53B2-478B-A83C-C20AA0B82139}.Debug|Any CPU.ActiveCfg = Debug|Any CPU
		{D05B330F-53B2-478B-A83C-C20AA0B82139}.Debug|Any CPU.Build.0 = Debug|Any CPU
		{D05B330F-53B2-478B-A83C-C20AA0B82139}.Release|Any CPU.ActiveCfg = Release|Any CPU
		{D05B330F-53B2-478B-A83C-C20AA0B82139}.Release|Any CPU.Build.0 = Release|Any CPU
		{129005EE-7978-47D5-BCE4-4F001A8AA918}.Debug|Any CPU.ActiveCfg = Debug|Any CPU
		{129005EE-7978-47D5-BCE4-4F001A8AA918}.Debug|Any CPU.Build.0 = Debug|Any CPU
		{129005EE-7978-47D5-BCE4-4F001A8AA918}.Release|Any CPU.ActiveCfg = Release|Any CPU
		{129005EE-7978-47D5-BCE4-4F001A8AA918}.Release|Any CPU.Build.0 = Release|Any CPU
		{57431E02-B070-450E-B93D-E911337F6EF6}.Debug|Any CPU.ActiveCfg = Debug|Any CPU
		{57431E02-B070-450E-B93D-E911337F6EF6}.Debug|Any CPU.Build.0 = Debug|Any CPU
		{57431E02-B070-450E-B93D-E911337F6EF6}.Release|Any CPU.ActiveCfg = Release|Any CPU
		{57431E02-B070-450E-B93D-E911337F6EF6}.Release|Any CPU.Build.0 = Release|Any CPU
		{7187F069-50E7-4C8A-B490-5F489B08C974}.Debug|Any CPU.ActiveCfg = Debug|Any CPU
		{7187F069-50E7-4C8A-B490-5F489B08C974}.Debug|Any CPU.Build.0 = Debug|Any CPU
		{7187F069-50E7-4C8A-B490-5F489B08C974}.Release|Any CPU.ActiveCfg = Release|Any CPU
		{7187F069-50E7-4C8A-B490-5F489B08C974}.Release|Any CPU.Build.0 = Release|Any CPU
	EndGlobalSection
	GlobalSection(SolutionProperties) = preSolution
		HideSolutionNode = FALSE
	EndGlobalSection
	GlobalSection(ExtensibilityGlobals) = postSolution
		SolutionGuid = {C44011FC-E55B-4D39-967D-C75626F07CB8}
	EndGlobalSection
EndGlobal
